
Microsoft Visual Studio Solution File, Format Version 12.00
# Visual Studio 15
VisualStudioVersion = 15.0.28010.2036
MinimumVisualStudioVersion = 10.0.40219.1
Project("{8BC9CEB8-8B4A-11D0-8D11-00A0C91BC942}") = "ShortestPathParallel", "ShortestPathParallel\ShortestPathParallel.vcxproj", "{F0B68E8E-26FA-4E96-9398-CD6CE3D9FE44}"
EndProject
Project("{888888A0-9F3D-457C-B088-3A5042F75D52}") = "GenerateTests", "GenerateTests\GenerateTests.pyproj", "{8B919FA3-898E-4219-873F-FD789559B241}"
EndProject
Global
	GlobalSection(SolutionConfigurationPlatforms) = preSolution
		Debug|Any CPU = Debug|Any CPU
		Debug|x64 = Debug|x64
		Debug|x86 = Debug|x86
		Release|Any CPU = Release|Any CPU
		Release|x64 = Release|x64
		Release|x86 = Release|x86
	EndGlobalSection
	GlobalSection(ProjectConfigurationPlatforms) = postSolution
		{F0B68E8E-26FA-4E96-9398-CD6CE3D9FE44}.Debug|Any CPU.ActiveCfg = Debug|Win32
		{F0B68E8E-26FA-4E96-9398-CD6CE3D9FE44}.Debug|x64.ActiveCfg = Debug|x64
		{F0B68E8E-26FA-4E96-9398-CD6CE3D9FE44}.Debug|x64.Build.0 = Debug|x64
		{F0B68E8E-26FA-4E96-9398-CD6CE3D9FE44}.Debug|x86.ActiveCfg = Debug|Win32
		{F0B68E8E-26FA-4E96-9398-CD6CE3D9FE44}.Debug|x86.Build.0 = Debug|Win32
		{F0B68E8E-26FA-4E96-9398-CD6CE3D9FE44}.Release|Any CPU.ActiveCfg = Release|Win32
		{F0B68E8E-26FA-4E96-9398-CD6CE3D9FE44}.Release|x64.ActiveCfg = Release|x64
		{F0B68E8E-26FA-4E96-9398-CD6CE3D9FE44}.Release|x64.Build.0 = Release|x64
		{F0B68E8E-26FA-4E96-9398-CD6CE3D9FE44}.Release|x86.ActiveCfg = Release|Win32
		{F0B68E8E-26FA-4E96-9398-CD6CE3D9FE44}.Release|x86.Build.0 = Release|Win32
		{8B919FA3-898E-4219-873F-FD789559B241}.Debug|Any CPU.ActiveCfg = Debug|Any CPU
		{8B919FA3-898E-4219-873F-FD789559B241}.Debug|x64.ActiveCfg = Debug|Any CPU
		{8B919FA3-898E-4219-873F-FD789559B241}.Debug|x86.ActiveCfg = Debug|Any CPU
		{8B919FA3-898E-4219-873F-FD789559B241}.Release|Any CPU.ActiveCfg = Release|Any CPU
		{8B919FA3-898E-4219-873F-FD789559B241}.Release|x64.ActiveCfg = Release|Any CPU
		{8B919FA3-898E-4219-873F-FD789559B241}.Release|x86.ActiveCfg = Release|Any CPU
	EndGlobalSection
	GlobalSection(SolutionProperties) = preSolution
		HideSolutionNode = FALSE
	EndGlobalSection
	GlobalSection(ExtensibilityGlobals) = postSolution
		SolutionGuid = {60374417-14FC-4310-B834-5EF7437ACC80}
	EndGlobalSection
EndGlobal
